// !$*UTF8*$!
{
	archiveVersion = 1;
	classes = {
	};
	objectVersion = 46;
	objects = {

/* Begin PBXBuildFile section */
		6047A2F6FA3D31FE7AFCBA12 /* Pods_WindySkyTests.framework in Frameworks */ = {isa = PBXBuildFile; fileRef = E9FF4353350E1E558231F2A6 /* Pods_WindySkyTests.framework */; };
		772BEA481D414F9100BAF8F2 /* AppDelegate.swift in Sources */ = {isa = PBXBuildFile; fileRef = 772BEA471D414F9100BAF8F2 /* AppDelegate.swift */; };
		772BEA4F1D414F9100BAF8F2 /* Main.storyboard in Resources */ = {isa = PBXBuildFile; fileRef = 772BEA4D1D414F9100BAF8F2 /* Main.storyboard */; };
		772BEA511D414F9100BAF8F2 /* Assets.xcassets in Resources */ = {isa = PBXBuildFile; fileRef = 772BEA501D414F9100BAF8F2 /* Assets.xcassets */; };
		772BEA541D414F9100BAF8F2 /* LaunchScreen.storyboard in Resources */ = {isa = PBXBuildFile; fileRef = 772BEA521D414F9100BAF8F2 /* LaunchScreen.storyboard */; };
		772BEA5F1D414F9100BAF8F2 /* WindySkyTests.swift in Sources */ = {isa = PBXBuildFile; fileRef = 772BEA5E1D414F9100BAF8F2 /* WindySkyTests.swift */; };
		772C2C611D441C1F000DBC19 /* Forecast+Extensions.swift in Sources */ = {isa = PBXBuildFile; fileRef = 772C2C601D441C1F000DBC19 /* Forecast+Extensions.swift */; };
		773B96EB1D43D72200FC8A34 /* CitiesItemTableViewCell.swift in Sources */ = {isa = PBXBuildFile; fileRef = 773B96EA1D43D72200FC8A34 /* CitiesItemTableViewCell.swift */; };
		774DA5AD1D415E2C00F27015 /* city.list.json in Resources */ = {isa = PBXBuildFile; fileRef = 774DA5AC1D415E2C00F27015 /* city.list.json */; };
		774DA5AF1D41601200F27015 /* Spot.swift in Sources */ = {isa = PBXBuildFile; fileRef = 774DA5AE1D41601200F27015 /* Spot.swift */; };
		774DA5B11D41650C00F27015 /* Current.swift in Sources */ = {isa = PBXBuildFile; fileRef = 774DA5B01D41650C00F27015 /* Current.swift */; };
		774DA5B31D4166FF00F27015 /* Forecasts.swift in Sources */ = {isa = PBXBuildFile; fileRef = 774DA5B21D4166FF00F27015 /* Forecasts.swift */; };
		774DA5B51D416A1000F27015 /* SpotService.swift in Sources */ = {isa = PBXBuildFile; fileRef = 774DA5B41D416A1000F27015 /* SpotService.swift */; };
		774DA5B71D416A4900F27015 /* Router.swift in Sources */ = {isa = PBXBuildFile; fileRef = 774DA5B61D416A4900F27015 /* Router.swift */; };
		774DA5B91D416A6500F27015 /* HudDelegate.swift in Sources */ = {isa = PBXBuildFile; fileRef = 774DA5B81D416A6500F27015 /* HudDelegate.swift */; };
		774DA5BB1D416A7900F27015 /* OpenWeatherMapService.swift in Sources */ = {isa = PBXBuildFile; fileRef = 774DA5BA1D416A7900F27015 /* OpenWeatherMapService.swift */; };
		774DA5BD1D416B0D00F27015 /* CitiesViewModel.swift in Sources */ = {isa = PBXBuildFile; fileRef = 774DA5BC1D416B0D00F27015 /* CitiesViewModel.swift */; };
		774DA5BF1D416CF500F27015 /* CityViewModel.swift in Sources */ = {isa = PBXBuildFile; fileRef = 774DA5BE1D416CF500F27015 /* CityViewModel.swift */; };
		774DA5C11D416E4E00F27015 /* CitiesViewController.swift in Sources */ = {isa = PBXBuildFile; fileRef = 774DA5C01D416E4E00F27015 /* CitiesViewController.swift */; };
		774DA5C31D416E8000F27015 /* CityViewController.swift in Sources */ = {isa = PBXBuildFile; fileRef = 774DA5C21D416E8000F27015 /* CityViewController.swift */; };
		77D47A1D1D4217B100B3B5EA /* NSDate.swift in Sources */ = {isa = PBXBuildFile; fileRef = 77D47A1C1D4217B100B3B5EA /* NSDate.swift */; };
		77D47A1E1D4217B500B3B5EA /* NSDate.swift in Sources */ = {isa = PBXBuildFile; fileRef = 77D47A1C1D4217B100B3B5EA /* NSDate.swift */; };
		77D47A201D42302500B3B5EA /* CitiesItemViewModel.swift in Sources */ = {isa = PBXBuildFile; fileRef = 77D47A1F1D42302500B3B5EA /* CitiesItemViewModel.swift */; };
		77D47A271D42412A00B3B5EA /* CurrentInfoView.xib in Resources */ = {isa = PBXBuildFile; fileRef = 77D47A221D42412A00B3B5EA /* CurrentInfoView.xib */; };
		77D47A281D42412A00B3B5EA /* DayCell.xib in Resources */ = {isa = PBXBuildFile; fileRef = 77D47A231D42412A00B3B5EA /* DayCell.xib */; };
		77D47A291D42412A00B3B5EA /* ForecastCell.xib in Resources */ = {isa = PBXBuildFile; fileRef = 77D47A241D42412A00B3B5EA /* ForecastCell.xib */; };
		77D47A2A1D42412A00B3B5EA /* LeftTitlesCell.xib in Resources */ = {isa = PBXBuildFile; fileRef = 77D47A251D42412A00B3B5EA /* LeftTitlesCell.xib */; };
		77D47A2B1D42412A00B3B5EA /* RightTitlesCell.xib in Resources */ = {isa = PBXBuildFile; fileRef = 77D47A261D42412A00B3B5EA /* RightTitlesCell.xib */; };
		77D47A2D1D4241B800B3B5EA /* Units.swift in Sources */ = {isa = PBXBuildFile; fileRef = 77D47A2C1D4241B800B3B5EA /* Units.swift */; };
		77D47A2F1D4241F300B3B5EA /* CurrentDetailLayout.swift in Sources */ = {isa = PBXBuildFile; fileRef = 77D47A2E1D4241F300B3B5EA /* CurrentDetailLayout.swift */; };
		77D47A311D42424500B3B5EA /* CurrentInfoView.swift in Sources */ = {isa = PBXBuildFile; fileRef = 77D47A301D42424500B3B5EA /* CurrentInfoView.swift */; };
		77D47A331D42428C00B3B5EA /* UnitsExtension.swift in Sources */ = {isa = PBXBuildFile; fileRef = 77D47A321D42428C00B3B5EA /* UnitsExtension.swift */; };
		77D47A351D424BD900B3B5EA /* Direction.swift in Sources */ = {isa = PBXBuildFile; fileRef = 77D47A341D424BD900B3B5EA /* Direction.swift */; };
		8E676E5DA7350A0506B9AFE1 /* Pods_WindySky.framework in Frameworks */ = {isa = PBXBuildFile; fileRef = C34FFDE64CC2537D28030BA9 /* Pods_WindySky.framework */; };
/* End PBXBuildFile section */

/* Begin PBXContainerItemProxy section */
		772BEA5B1D414F9100BAF8F2 /* PBXContainerItemProxy */ = {
			isa = PBXContainerItemProxy;
			containerPortal = 772BEA3C1D414F9100BAF8F2 /* Project object */;
			proxyType = 1;
			remoteGlobalIDString = 772BEA431D414F9100BAF8F2;
			remoteInfo = WindySky;
		};
/* End PBXContainerItemProxy section */

/* Begin PBXFileReference section */
		772BEA441D414F9100BAF8F2 /* WindySky.app */ = {isa = PBXFileReference; explicitFileType = wrapper.application; includeInIndex = 0; path = WindySky.app; sourceTree = BUILT_PRODUCTS_DIR; };
		772BEA471D414F9100BAF8F2 /* AppDelegate.swift */ = {isa = PBXFileReference; lastKnownFileType = sourcecode.swift; path = AppDelegate.swift; sourceTree = "<group>"; };
		772BEA4E1D414F9100BAF8F2 /* Base */ = {isa = PBXFileReference; lastKnownFileType = file.storyboard; name = Base; path = Base.lproj/Main.storyboard; sourceTree = "<group>"; };
		772BEA501D414F9100BAF8F2 /* Assets.xcassets */ = {isa = PBXFileReference; lastKnownFileType = folder.assetcatalog; path = Assets.xcassets; sourceTree = "<group>"; };
		772BEA531D414F9100BAF8F2 /* Base */ = {isa = PBXFileReference; lastKnownFileType = file.storyboard; name = Base; path = Base.lproj/LaunchScreen.storyboard; sourceTree = "<group>"; };
		772BEA551D414F9100BAF8F2 /* Info.plist */ = {isa = PBXFileReference; lastKnownFileType = text.plist.xml; path = Info.plist; sourceTree = "<group>"; };
		772BEA5A1D414F9100BAF8F2 /* WindySkyTests.xctest */ = {isa = PBXFileReference; explicitFileType = wrapper.cfbundle; includeInIndex = 0; path = WindySkyTests.xctest; sourceTree = BUILT_PRODUCTS_DIR; };
		772BEA5E1D414F9100BAF8F2 /* WindySkyTests.swift */ = {isa = PBXFileReference; lastKnownFileType = sourcecode.swift; path = WindySkyTests.swift; sourceTree = "<group>"; };
		772BEA601D414F9100BAF8F2 /* Info.plist */ = {isa = PBXFileReference; lastKnownFileType = text.plist.xml; path = Info.plist; sourceTree = "<group>"; };
		772C2C601D441C1F000DBC19 /* Forecast+Extensions.swift */ = {isa = PBXFileReference; fileEncoding = 4; lastKnownFileType = sourcecode.swift; path = "Forecast+Extensions.swift"; sourceTree = "<group>"; };
		773B96EA1D43D72200FC8A34 /* CitiesItemTableViewCell.swift */ = {isa = PBXFileReference; fileEncoding = 4; lastKnownFileType = sourcecode.swift; path = CitiesItemTableViewCell.swift; sourceTree = "<group>"; };
		774DA5AC1D415E2C00F27015 /* city.list.json */ = {isa = PBXFileReference; fileEncoding = 4; lastKnownFileType = text.json; path = city.list.json; sourceTree = "<group>"; };
		774DA5AE1D41601200F27015 /* Spot.swift */ = {isa = PBXFileReference; fileEncoding = 4; lastKnownFileType = sourcecode.swift; path = Spot.swift; sourceTree = "<group>"; };
		774DA5B01D41650C00F27015 /* Current.swift */ = {isa = PBXFileReference; fileEncoding = 4; lastKnownFileType = sourcecode.swift; path = Current.swift; sourceTree = "<group>"; };
		774DA5B21D4166FF00F27015 /* Forecasts.swift */ = {isa = PBXFileReference; fileEncoding = 4; lastKnownFileType = sourcecode.swift; path = Forecasts.swift; sourceTree = "<group>"; };
		774DA5B41D416A1000F27015 /* SpotService.swift */ = {isa = PBXFileReference; fileEncoding = 4; lastKnownFileType = sourcecode.swift; path = SpotService.swift; sourceTree = "<group>"; };
		774DA5B61D416A4900F27015 /* Router.swift */ = {isa = PBXFileReference; fileEncoding = 4; lastKnownFileType = sourcecode.swift; path = Router.swift; sourceTree = "<group>"; };
		774DA5B81D416A6500F27015 /* HudDelegate.swift */ = {isa = PBXFileReference; fileEncoding = 4; lastKnownFileType = sourcecode.swift; path = HudDelegate.swift; sourceTree = "<group>"; };
		774DA5BA1D416A7900F27015 /* OpenWeatherMapService.swift */ = {isa = PBXFileReference; fileEncoding = 4; lastKnownFileType = sourcecode.swift; path = OpenWeatherMapService.swift; sourceTree = "<group>"; };
		774DA5BC1D416B0D00F27015 /* CitiesViewModel.swift */ = {isa = PBXFileReference; fileEncoding = 4; lastKnownFileType = sourcecode.swift; path = CitiesViewModel.swift; sourceTree = "<group>"; };
		774DA5BE1D416CF500F27015 /* CityViewModel.swift */ = {isa = PBXFileReference; fileEncoding = 4; lastKnownFileType = sourcecode.swift; path = CityViewModel.swift; sourceTree = "<group>"; };
		774DA5C01D416E4E00F27015 /* CitiesViewController.swift */ = {isa = PBXFileReference; fileEncoding = 4; lastKnownFileType = sourcecode.swift; path = CitiesViewController.swift; sourceTree = "<group>"; };
		774DA5C21D416E8000F27015 /* CityViewController.swift */ = {isa = PBXFileReference; fileEncoding = 4; lastKnownFileType = sourcecode.swift; path = CityViewController.swift; sourceTree = "<group>"; };
		77D47A1C1D4217B100B3B5EA /* NSDate.swift */ = {isa = PBXFileReference; fileEncoding = 4; lastKnownFileType = sourcecode.swift; path = NSDate.swift; sourceTree = "<group>"; };
		77D47A1F1D42302500B3B5EA /* CitiesItemViewModel.swift */ = {isa = PBXFileReference; fileEncoding = 4; lastKnownFileType = sourcecode.swift; path = CitiesItemViewModel.swift; sourceTree = "<group>"; };
		77D47A221D42412A00B3B5EA /* CurrentInfoView.xib */ = {isa = PBXFileReference; fileEncoding = 4; lastKnownFileType = file.xib; path = CurrentInfoView.xib; sourceTree = "<group>"; };
		77D47A231D42412A00B3B5EA /* DayCell.xib */ = {isa = PBXFileReference; fileEncoding = 4; lastKnownFileType = file.xib; path = DayCell.xib; sourceTree = "<group>"; };
		77D47A241D42412A00B3B5EA /* ForecastCell.xib */ = {isa = PBXFileReference; fileEncoding = 4; lastKnownFileType = file.xib; path = ForecastCell.xib; sourceTree = "<group>"; };
		77D47A251D42412A00B3B5EA /* LeftTitlesCell.xib */ = {isa = PBXFileReference; fileEncoding = 4; lastKnownFileType = file.xib; path = LeftTitlesCell.xib; sourceTree = "<group>"; };
		77D47A261D42412A00B3B5EA /* RightTitlesCell.xib */ = {isa = PBXFileReference; fileEncoding = 4; lastKnownFileType = file.xib; path = RightTitlesCell.xib; sourceTree = "<group>"; };
		77D47A2C1D4241B800B3B5EA /* Units.swift */ = {isa = PBXFileReference; fileEncoding = 4; lastKnownFileType = sourcecode.swift; path = Units.swift; sourceTree = "<group>"; };
		77D47A2E1D4241F300B3B5EA /* CurrentDetailLayout.swift */ = {isa = PBXFileReference; fileEncoding = 4; lastKnownFileType = sourcecode.swift; path = CurrentDetailLayout.swift; sourceTree = "<group>"; };
		77D47A301D42424500B3B5EA /* CurrentInfoView.swift */ = {isa = PBXFileReference; fileEncoding = 4; lastKnownFileType = sourcecode.swift; path = CurrentInfoView.swift; sourceTree = "<group>"; };
		77D47A321D42428C00B3B5EA /* UnitsExtension.swift */ = {isa = PBXFileReference; fileEncoding = 4; lastKnownFileType = sourcecode.swift; path = UnitsExtension.swift; sourceTree = "<group>"; };
		77D47A341D424BD900B3B5EA /* Direction.swift */ = {isa = PBXFileReference; fileEncoding = 4; lastKnownFileType = sourcecode.swift; path = Direction.swift; sourceTree = "<group>"; };
		7F5F0758C5C5FA8F0276B504 /* Pods-WindySkyTests.release.xcconfig */ = {isa = PBXFileReference; includeInIndex = 1; lastKnownFileType = text.xcconfig; name = "Pods-WindySkyTests.release.xcconfig"; path = "Pods/Target Support Files/Pods-WindySkyTests/Pods-WindySkyTests.release.xcconfig"; sourceTree = "<group>"; };
		A5C01C27ED3388ECE57BBDAB /* Pods-WindySky.release.xcconfig */ = {isa = PBXFileReference; includeInIndex = 1; lastKnownFileType = text.xcconfig; name = "Pods-WindySky.release.xcconfig"; path = "Pods/Target Support Files/Pods-WindySky/Pods-WindySky.release.xcconfig"; sourceTree = "<group>"; };
		C34FFDE64CC2537D28030BA9 /* Pods_WindySky.framework */ = {isa = PBXFileReference; explicitFileType = wrapper.framework; includeInIndex = 0; path = Pods_WindySky.framework; sourceTree = BUILT_PRODUCTS_DIR; };
		DF282D3EF585419BF5EDF974 /* Pods-WindySky.debug.xcconfig */ = {isa = PBXFileReference; includeInIndex = 1; lastKnownFileType = text.xcconfig; name = "Pods-WindySky.debug.xcconfig"; path = "Pods/Target Support Files/Pods-WindySky/Pods-WindySky.debug.xcconfig"; sourceTree = "<group>"; };
		E3879F0FE9C65AA0905269B7 /* Pods-WindySkyTests.debug.xcconfig */ = {isa = PBXFileReference; includeInIndex = 1; lastKnownFileType = text.xcconfig; name = "Pods-WindySkyTests.debug.xcconfig"; path = "Pods/Target Support Files/Pods-WindySkyTests/Pods-WindySkyTests.debug.xcconfig"; sourceTree = "<group>"; };
		E9FF4353350E1E558231F2A6 /* Pods_WindySkyTests.framework */ = {isa = PBXFileReference; explicitFileType = wrapper.framework; includeInIndex = 0; path = Pods_WindySkyTests.framework; sourceTree = BUILT_PRODUCTS_DIR; };
/* End PBXFileReference section */

/* Begin PBXFrameworksBuildPhase section */
		772BEA411D414F9100BAF8F2 /* Frameworks */ = {
			isa = PBXFrameworksBuildPhase;
			buildActionMask = 2147483647;
			files = (
				8E676E5DA7350A0506B9AFE1 /* Pods_WindySky.framework in Frameworks */,
			);
			runOnlyForDeploymentPostprocessing = 0;
		};
		772BEA571D414F9100BAF8F2 /* Frameworks */ = {
			isa = PBXFrameworksBuildPhase;
			buildActionMask = 2147483647;
			files = (
				6047A2F6FA3D31FE7AFCBA12 /* Pods_WindySkyTests.framework in Frameworks */,
			);
			runOnlyForDeploymentPostprocessing = 0;
		};
/* End PBXFrameworksBuildPhase section */

/* Begin PBXGroup section */
		0B52B8A2894B1A173662618B /* Pods */ = {
			isa = PBXGroup;
			children = (
				DF282D3EF585419BF5EDF974 /* Pods-WindySky.debug.xcconfig */,
				A5C01C27ED3388ECE57BBDAB /* Pods-WindySky.release.xcconfig */,
				E3879F0FE9C65AA0905269B7 /* Pods-WindySkyTests.debug.xcconfig */,
				7F5F0758C5C5FA8F0276B504 /* Pods-WindySkyTests.release.xcconfig */,
			);
			name = Pods;
			sourceTree = "<group>";
		};
		7196DA2BB8A13C83BBDFB64F /* Frameworks */ = {
			isa = PBXGroup;
			children = (
				C34FFDE64CC2537D28030BA9 /* Pods_WindySky.framework */,
				E9FF4353350E1E558231F2A6 /* Pods_WindySkyTests.framework */,
			);
			name = Frameworks;
			sourceTree = "<group>";
		};
		772BEA3B1D414F9100BAF8F2 = {
			isa = PBXGroup;
			children = (
				772BEA461D414F9100BAF8F2 /* WindySky */,
				772BEA5D1D414F9100BAF8F2 /* WindySkyTests */,
				772BEA451D414F9100BAF8F2 /* Products */,
				0B52B8A2894B1A173662618B /* Pods */,
				7196DA2BB8A13C83BBDFB64F /* Frameworks */,
			);
			sourceTree = "<group>";
		};
		772BEA451D414F9100BAF8F2 /* Products */ = {
			isa = PBXGroup;
			children = (
				772BEA441D414F9100BAF8F2 /* WindySky.app */,
				772BEA5A1D414F9100BAF8F2 /* WindySkyTests.xctest */,
			);
			name = Products;
			sourceTree = "<group>";
		};
		772BEA461D414F9100BAF8F2 /* WindySky */ = {
			isa = PBXGroup;
			children = (
				774DA5AB1D415E1100F27015 /* Supporting Files */,
				77D47A211D42412A00B3B5EA /* Xib */,
				77D47A1B1D42179B00B3B5EA /* Extensions */,
				774DA5AA1D415E0100F27015 /* Services */,
				774DA5A91D415DF300F27015 /* Models */,
				774DA5A81D415DE700F27015 /* ViewModels */,
				774DA5A71D415DDC00F27015 /* ViewControllers */,
				772BEA471D414F9100BAF8F2 /* AppDelegate.swift */,
				772BEA4D1D414F9100BAF8F2 /* Main.storyboard */,
				772BEA501D414F9100BAF8F2 /* Assets.xcassets */,
				772BEA521D414F9100BAF8F2 /* LaunchScreen.storyboard */,
				772BEA551D414F9100BAF8F2 /* Info.plist */,
			);
			path = WindySky;
			sourceTree = "<group>";
		};
		772BEA5D1D414F9100BAF8F2 /* WindySkyTests */ = {
			isa = PBXGroup;
			children = (
				772BEA5E1D414F9100BAF8F2 /* WindySkyTests.swift */,
				772BEA601D414F9100BAF8F2 /* Info.plist */,
			);
			path = WindySkyTests;
			sourceTree = "<group>";
		};
		774DA5A71D415DDC00F27015 /* ViewControllers */ = {
			isa = PBXGroup;
			children = (
				774DA5C01D416E4E00F27015 /* CitiesViewController.swift */,
				773B96EA1D43D72200FC8A34 /* CitiesItemTableViewCell.swift */,
				774DA5C21D416E8000F27015 /* CityViewController.swift */,
				77D47A2E1D4241F300B3B5EA /* CurrentDetailLayout.swift */,
			);
			path = ViewControllers;
			sourceTree = "<group>";
		};
		774DA5A81D415DE700F27015 /* ViewModels */ = {
			isa = PBXGroup;
			children = (
				774DA5BC1D416B0D00F27015 /* CitiesViewModel.swift */,
				77D47A1F1D42302500B3B5EA /* CitiesItemViewModel.swift */,
				774DA5BE1D416CF500F27015 /* CityViewModel.swift */,
			);
			path = ViewModels;
			sourceTree = "<group>";
		};
		774DA5A91D415DF300F27015 /* Models */ = {
			isa = PBXGroup;
			children = (
				77D47A2C1D4241B800B3B5EA /* Units.swift */,
				77D47A341D424BD900B3B5EA /* Direction.swift */,
				774DA5AE1D41601200F27015 /* Spot.swift */,
				774DA5B01D41650C00F27015 /* Current.swift */,
				774DA5B21D4166FF00F27015 /* Forecasts.swift */,
				772C2C601D441C1F000DBC19 /* Forecast+Extensions.swift */,
			);
			path = Models;
			sourceTree = "<group>";
		};
		774DA5AA1D415E0100F27015 /* Services */ = {
			isa = PBXGroup;
			children = (
				774DA5B41D416A1000F27015 /* SpotService.swift */,
				774DA5B61D416A4900F27015 /* Router.swift */,
				774DA5B81D416A6500F27015 /* HudDelegate.swift */,
				774DA5BA1D416A7900F27015 /* OpenWeatherMapService.swift */,
			);
			path = Services;
			sourceTree = "<group>";
		};
		774DA5AB1D415E1100F27015 /* Supporting Files */ = {
			isa = PBXGroup;
			children = (
				774DA5AC1D415E2C00F27015 /* city.list.json */,
			);
			name = "Supporting Files";
			sourceTree = "<group>";
		};
		77D47A1B1D42179B00B3B5EA /* Extensions */ = {
			isa = PBXGroup;
			children = (
				77D47A321D42428C00B3B5EA /* UnitsExtension.swift */,
				77D47A1C1D4217B100B3B5EA /* NSDate.swift */,
			);
			path = Extensions;
			sourceTree = "<group>";
		};
		77D47A211D42412A00B3B5EA /* Xib */ = {
			isa = PBXGroup;
			children = (
				77D47A221D42412A00B3B5EA /* CurrentInfoView.xib */,
				77D47A231D42412A00B3B5EA /* DayCell.xib */,
				77D47A241D42412A00B3B5EA /* ForecastCell.xib */,
				77D47A251D42412A00B3B5EA /* LeftTitlesCell.xib */,
				77D47A261D42412A00B3B5EA /* RightTitlesCell.xib */,
				77D47A301D42424500B3B5EA /* CurrentInfoView.swift */,
			);
			path = Xib;
			sourceTree = "<group>";
		};
/* End PBXGroup section */

/* Begin PBXNativeTarget section */
		772BEA431D414F9100BAF8F2 /* WindySky */ = {
			isa = PBXNativeTarget;
			buildConfigurationList = 772BEA631D414F9100BAF8F2 /* Build configuration list for PBXNativeTarget "WindySky" */;
			buildPhases = (
				3307BF6304F7FC0D2C09691E /* [CP] Check Pods Manifest.lock */,
				772BEA401D414F9100BAF8F2 /* Sources */,
				772BEA411D414F9100BAF8F2 /* Frameworks */,
				772BEA421D414F9100BAF8F2 /* Resources */,
				F64807CC54C7D13C2FDCD39D /* [CP] Embed Pods Frameworks */,
				24D0E03CA2118777CD2E2C45 /* [CP] Copy Pods Resources */,
			);
			buildRules = (
			);
			dependencies = (
			);
			name = WindySky;
			productName = WindySky;
			productReference = 772BEA441D414F9100BAF8F2 /* WindySky.app */;
			productType = "com.apple.product-type.application";
		};
		772BEA591D414F9100BAF8F2 /* WindySkyTests */ = {
			isa = PBXNativeTarget;
			buildConfigurationList = 772BEA661D414F9100BAF8F2 /* Build configuration list for PBXNativeTarget "WindySkyTests" */;
			buildPhases = (
				4578A9ED65A6614A4236513C /* [CP] Check Pods Manifest.lock */,
				772BEA561D414F9100BAF8F2 /* Sources */,
				772BEA571D414F9100BAF8F2 /* Frameworks */,
				772BEA581D414F9100BAF8F2 /* Resources */,
				FCB612C7F3A6DAF3D22EB265 /* [CP] Embed Pods Frameworks */,
				B25FE5EA076473B4A1EA9B8F /* [CP] Copy Pods Resources */,
			);
			buildRules = (
			);
			dependencies = (
				772BEA5C1D414F9100BAF8F2 /* PBXTargetDependency */,
			);
			name = WindySkyTests;
			productName = WindySkyTests;
			productReference = 772BEA5A1D414F9100BAF8F2 /* WindySkyTests.xctest */;
			productType = "com.apple.product-type.bundle.unit-test";
		};
/* End PBXNativeTarget section */

/* Begin PBXProject section */
		772BEA3C1D414F9100BAF8F2 /* Project object */ = {
			isa = PBXProject;
			attributes = {
				LastSwiftUpdateCheck = 0730;
				LastUpgradeCheck = 0730;
				ORGANIZATIONNAME = "EDGARDO AGNO";
				TargetAttributes = {
					772BEA431D414F9100BAF8F2 = {
						CreatedOnToolsVersion = 7.3.1;
						DevelopmentTeam = LGLDN3729L;
					};
					772BEA591D414F9100BAF8F2 = {
						CreatedOnToolsVersion = 7.3.1;
						TestTargetID = 772BEA431D414F9100BAF8F2;
					};
				};
			};
			buildConfigurationList = 772BEA3F1D414F9100BAF8F2 /* Build configuration list for PBXProject "WindySky" */;
			compatibilityVersion = "Xcode 3.2";
			developmentRegion = English;
			hasScannedForEncodings = 0;
			knownRegions = (
				en,
				Base,
			);
			mainGroup = 772BEA3B1D414F9100BAF8F2;
			productRefGroup = 772BEA451D414F9100BAF8F2 /* Products */;
			projectDirPath = "";
			projectRoot = "";
			targets = (
				772BEA431D414F9100BAF8F2 /* WindySky */,
				772BEA591D414F9100BAF8F2 /* WindySkyTests */,
			);
		};
/* End PBXProject section */

/* Begin PBXResourcesBuildPhase section */
		772BEA421D414F9100BAF8F2 /* Resources */ = {
			isa = PBXResourcesBuildPhase;
			buildActionMask = 2147483647;
			files = (
				772BEA541D414F9100BAF8F2 /* LaunchScreen.storyboard in Resources */,
				77D47A291D42412A00B3B5EA /* ForecastCell.xib in Resources */,
				77D47A271D42412A00B3B5EA /* CurrentInfoView.xib in Resources */,
				77D47A2A1D42412A00B3B5EA /* LeftTitlesCell.xib in Resources */,
				774DA5AD1D415E2C00F27015 /* city.list.json in Resources */,
				772BEA511D414F9100BAF8F2 /* Assets.xcassets in Resources */,
				77D47A281D42412A00B3B5EA /* DayCell.xib in Resources */,
				77D47A2B1D42412A00B3B5EA /* RightTitlesCell.xib in Resources */,
				772BEA4F1D414F9100BAF8F2 /* Main.storyboard in Resources */,
			);
			runOnlyForDeploymentPostprocessing = 0;
		};
		772BEA581D414F9100BAF8F2 /* Resources */ = {
			isa = PBXResourcesBuildPhase;
			buildActionMask = 2147483647;
			files = (
			);
			runOnlyForDeploymentPostprocessing = 0;
		};
/* End PBXResourcesBuildPhase section */

/* Begin PBXShellScriptBuildPhase section */
		24D0E03CA2118777CD2E2C45 /* [CP] Copy Pods Resources */ = {
			isa = PBXShellScriptBuildPhase;
			buildActionMask = 2147483647;
			files = (
			);
			inputPaths = (
			);
			name = "[CP] Copy Pods Resources";
			outputPaths = (
			);
			runOnlyForDeploymentPostprocessing = 0;
			shellPath = /bin/sh;
			shellScript = "\"${SRCROOT}/Pods/Target Support Files/Pods-WindySky/Pods-WindySky-resources.sh\"\n";
			showEnvVarsInLog = 0;
		};
		3307BF6304F7FC0D2C09691E /* [CP] Check Pods Manifest.lock */ = {
			isa = PBXShellScriptBuildPhase;
			buildActionMask = 2147483647;
			files = (
			);
			inputPaths = (
			);
			name = "[CP] Check Pods Manifest.lock";
			outputPaths = (
			);
			runOnlyForDeploymentPostprocessing = 0;
			shellPath = /bin/sh;
			shellScript = "diff \"${PODS_ROOT}/../Podfile.lock\" \"${PODS_ROOT}/Manifest.lock\" > /dev/null\nif [[ $? != 0 ]] ; then\n    cat << EOM\nerror: The sandbox is not in sync with the Podfile.lock. Run 'pod install' or update your CocoaPods installation.\nEOM\n    exit 1\nfi\n";
			showEnvVarsInLog = 0;
		};
		4578A9ED65A6614A4236513C /* [CP] Check Pods Manifest.lock */ = {
			isa = PBXShellScriptBuildPhase;
			buildActionMask = 2147483647;
			files = (
			);
			inputPaths = (
			);
			name = "[CP] Check Pods Manifest.lock";
			outputPaths = (
			);
			runOnlyForDeploymentPostprocessing = 0;
			shellPath = /bin/sh;
			shellScript = "diff \"${PODS_ROOT}/../Podfile.lock\" \"${PODS_ROOT}/Manifest.lock\" > /dev/null\nif [[ $? != 0 ]] ; then\n    cat << EOM\nerror: The sandbox is not in sync with the Podfile.lock. Run 'pod install' or update your CocoaPods installation.\nEOM\n    exit 1\nfi\n";
			showEnvVarsInLog = 0;
		};
		B25FE5EA076473B4A1EA9B8F /* [CP] Copy Pods Resources */ = {
			isa = PBXShellScriptBuildPhase;
			buildActionMask = 2147483647;
			files = (
			);
			inputPaths = (
			);
			name = "[CP] Copy Pods Resources";
			outputPaths = (
			);
			runOnlyForDeploymentPostprocessing = 0;
			shellPath = /bin/sh;
			shellScript = "\"${SRCROOT}/Pods/Target Support Files/Pods-WindySkyTests/Pods-WindySkyTests-resources.sh\"\n";
			showEnvVarsInLog = 0;
		};
		F64807CC54C7D13C2FDCD39D /* [CP] Embed Pods Frameworks */ = {
			isa = PBXShellScriptBuildPhase;
			buildActionMask = 2147483647;
			files = (
			);
			inputPaths = (
			);
			name = "[CP] Embed Pods Frameworks";
			outputPaths = (
			);
			runOnlyForDeploymentPostprocessing = 0;
			shellPath = /bin/sh;
			shellScript = "\"${SRCROOT}/Pods/Target Support Files/Pods-WindySky/Pods-WindySky-frameworks.sh\"\n";
			showEnvVarsInLog = 0;
		};
		FCB612C7F3A6DAF3D22EB265 /* [CP] Embed Pods Frameworks */ = {
			isa = PBXShellScriptBuildPhase;
			buildActionMask = 2147483647;
			files = (
			);
			inputPaths = (
			);
			name = "[CP] Embed Pods Frameworks";
			outputPaths = (
			);
			runOnlyForDeploymentPostprocessing = 0;
			shellPath = /bin/sh;
			shellScript = "\"${SRCROOT}/Pods/Target Support Files/Pods-WindySkyTests/Pods-WindySkyTests-frameworks.sh\"\n";
			showEnvVarsInLog = 0;
		};
/* End PBXShellScriptBuildPhase section */

/* Begin PBXSourcesBuildPhase section */
		772BEA401D414F9100BAF8F2 /* Sources */ = {
			isa = PBXSourcesBuildPhase;
			buildActionMask = 2147483647;
			files = (
				772C2C611D441C1F000DBC19 /* Forecast+Extensions.swift in Sources */,
				774DA5B71D416A4900F27015 /* Router.swift in Sources */,
				774DA5B91D416A6500F27015 /* HudDelegate.swift in Sources */,
				774DA5B31D4166FF00F27015 /* Forecasts.swift in Sources */,
				772BEA481D414F9100BAF8F2 /* AppDelegate.swift in Sources */,
				774DA5AF1D41601200F27015 /* Spot.swift in Sources */,
				774DA5BF1D416CF500F27015 /* CityViewModel.swift in Sources */,
				774DA5B51D416A1000F27015 /* SpotService.swift in Sources */,
				77D47A311D42424500B3B5EA /* CurrentInfoView.swift in Sources */,
				774DA5B11D41650C00F27015 /* Current.swift in Sources */,
				77D47A2F1D4241F300B3B5EA /* CurrentDetailLayout.swift in Sources */,
				77D47A201D42302500B3B5EA /* CitiesItemViewModel.swift in Sources */,
				774DA5BD1D416B0D00F27015 /* CitiesViewModel.swift in Sources */,
				774DA5BB1D416A7900F27015 /* OpenWeatherMapService.swift in Sources */,
				77D47A351D424BD900B3B5EA /* Direction.swift in Sources */,
				77D47A1D1D4217B100B3B5EA /* NSDate.swift in Sources */,
				774DA5C11D416E4E00F27015 /* CitiesViewController.swift in Sources */,
				77D47A2D1D4241B800B3B5EA /* Units.swift in Sources */,
				774DA5C31D416E8000F27015 /* CityViewController.swift in Sources */,
				77D47A331D42428C00B3B5EA /* UnitsExtension.swift in Sources */,
				773B96EB1D43D72200FC8A34 /* CitiesItemTableViewCell.swift in Sources */,
			);
			runOnlyForDeploymentPostprocessing = 0;
		};
		772BEA561D414F9100BAF8F2 /* Sources */ = {
			isa = PBXSourcesBuildPhase;
			buildActionMask = 2147483647;
			files = (
				77D47A1E1D4217B500B3B5EA /* NSDate.swift in Sources */,
				772BEA5F1D414F9100BAF8F2 /* WindySkyTests.swift in Sources */,
			);
			runOnlyForDeploymentPostprocessing = 0;
		};
/* End PBXSourcesBuildPhase section */

/* Begin PBXTargetDependency section */
		772BEA5C1D414F9100BAF8F2 /* PBXTargetDependency */ = {
			isa = PBXTargetDependency;
			target = 772BEA431D414F9100BAF8F2 /* WindySky */;
			targetProxy = 772BEA5B1D414F9100BAF8F2 /* PBXContainerItemProxy */;
		};
/* End PBXTargetDependency section */

/* Begin PBXVariantGroup section */
		772BEA4D1D414F9100BAF8F2 /* Main.storyboard */ = {
			isa = PBXVariantGroup;
			children = (
				772BEA4E1D414F9100BAF8F2 /* Base */,
			);
			name = Main.storyboard;
			sourceTree = "<group>";
		};
		772BEA521D414F9100BAF8F2 /* LaunchScreen.storyboard */ = {
			isa = PBXVariantGroup;
			children = (
				772BEA531D414F9100BAF8F2 /* Base */,
			);
			name = LaunchScreen.storyboard;
			sourceTree = "<group>";
		};
/* End PBXVariantGroup section */

/* Begin XCBuildConfiguration section */
		772BEA611D414F9100BAF8F2 /* Debug */ = {
			isa = XCBuildConfiguration;
			buildSettings = {
				ALWAYS_SEARCH_USER_PATHS = NO;
				CLANG_ANALYZER_NONNULL = YES;
				CLANG_CXX_LANGUAGE_STANDARD = "gnu++0x";
				CLANG_CXX_LIBRARY = "libc++";
				CLANG_ENABLE_MODULES = YES;
				CLANG_ENABLE_OBJC_ARC = YES;
				CLANG_WARN_BOOL_CONVERSION = YES;
				CLANG_WARN_CONSTANT_CONVERSION = YES;
				CLANG_WARN_DIRECT_OBJC_ISA_USAGE = YES_ERROR;
				CLANG_WARN_EMPTY_BODY = YES;
				CLANG_WARN_ENUM_CONVERSION = YES;
				CLANG_WARN_INT_CONVERSION = YES;
				CLANG_WARN_OBJC_ROOT_CLASS = YES_ERROR;
				CLANG_WARN_UNREACHABLE_CODE = YES;
				CLANG_WARN__DUPLICATE_METHOD_MATCH = YES;
				"CODE_SIGN_IDENTITY[sdk=iphoneos*]" = "iPhone Developer";
				COPY_PHASE_STRIP = NO;
				DEBUG_INFORMATION_FORMAT = dwarf;
				ENABLE_STRICT_OBJC_MSGSEND = YES;
				ENABLE_TESTABILITY = YES;
				GCC_C_LANGUAGE_STANDARD = gnu99;
				GCC_DYNAMIC_NO_PIC = NO;
				GCC_NO_COMMON_BLOCKS = YES;
				GCC_OPTIMIZATION_LEVEL = 0;
				GCC_PREPROCESSOR_DEFINITIONS = (
					"DEBUG=1",
					"$(inherited)",
				);
				GCC_WARN_64_TO_32_BIT_CONVERSION = YES;
				GCC_WARN_ABOUT_RETURN_TYPE = YES_ERROR;
				GCC_WARN_UNDECLARED_SELECTOR = YES;
				GCC_WARN_UNINITIALIZED_AUTOS = YES_AGGRESSIVE;
				GCC_WARN_UNUSED_FUNCTION = YES;
				GCC_WARN_UNUSED_VARIABLE = YES;
				IPHONEOS_DEPLOYMENT_TARGET = 9.3;
				MTL_ENABLE_DEBUG_INFO = YES;
				ONLY_ACTIVE_ARCH = YES;
				SDKROOT = iphoneos;
				SWIFT_OPTIMIZATION_LEVEL = "-Onone";
			};
			name = Debug;
		};
		772BEA621D414F9100BAF8F2 /* Release */ = {
			isa = XCBuildConfiguration;
			buildSettings = {
				ALWAYS_SEARCH_USER_PATHS = NO;
				CLANG_ANALYZER_NONNULL = YES;
				CLANG_CXX_LANGUAGE_STANDARD = "gnu++0x";
				CLANG_CXX_LIBRARY = "libc++";
				CLANG_ENABLE_MODULES = YES;
				CLANG_ENABLE_OBJC_ARC = YES;
				CLANG_WARN_BOOL_CONVERSION = YES;
				CLANG_WARN_CONSTANT_CONVERSION = YES;
				CLANG_WARN_DIRECT_OBJC_ISA_USAGE = YES_ERROR;
				CLANG_WARN_EMPTY_BODY = YES;
				CLANG_WARN_ENUM_CONVERSION = YES;
				CLANG_WARN_INT_CONVERSION = YES;
				CLANG_WARN_OBJC_ROOT_CLASS = YES_ERROR;
				CLANG_WARN_UNREACHABLE_CODE = YES;
				CLANG_WARN__DUPLICATE_METHOD_MATCH = YES;
				"CODE_SIGN_IDENTITY[sdk=iphoneos*]" = "iPhone Developer";
				COPY_PHASE_STRIP = NO;
				DEBUG_INFORMATION_FORMAT = "dwarf-with-dsym";
				ENABLE_NS_ASSERTIONS = NO;
				ENABLE_STRICT_OBJC_MSGSEND = YES;
				GCC_C_LANGUAGE_STANDARD = gnu99;
				GCC_NO_COMMON_BLOCKS = YES;
				GCC_WARN_64_TO_32_BIT_CONVERSION = YES;
				GCC_WARN_ABOUT_RETURN_TYPE = YES_ERROR;
				GCC_WARN_UNDECLARED_SELECTOR = YES;
				GCC_WARN_UNINITIALIZED_AUTOS = YES_AGGRESSIVE;
				GCC_WARN_UNUSED_FUNCTION = YES;
				GCC_WARN_UNUSED_VARIABLE = YES;
				IPHONEOS_DEPLOYMENT_TARGET = 9.3;
				MTL_ENABLE_DEBUG_INFO = NO;
				SDKROOT = iphoneos;
				VALIDATE_PRODUCT = YES;
			};
			name = Release;
		};
		772BEA641D414F9100BAF8F2 /* Debug */ = {
			isa = XCBuildConfiguration;
			baseConfigurationReference = DF282D3EF585419BF5EDF974 /* Pods-WindySky.debug.xcconfig */;
			buildSettings = {
				ASSETCATALOG_COMPILER_APPICON_NAME = AppIcon;
				CODE_SIGN_IDENTITY = "iPhone Developer";
				INFOPLIST_FILE = WindySky/Info.plist;
				IPHONEOS_DEPLOYMENT_TARGET = 8.0;
				LD_RUNPATH_SEARCH_PATHS = "$(inherited) @executable_path/Frameworks";
				PRODUCT_BUNDLE_IDENTIFIER = com.edgardoagno.WindySky;
				PRODUCT_NAME = "$(TARGET_NAME)";
			};
			name = Debug;
		};
		772BEA651D414F9100BAF8F2 /* Release */ = {
			isa = XCBuildConfiguration;
			baseConfigurationReference = A5C01C27ED3388ECE57BBDAB /* Pods-WindySky.release.xcconfig */;
			buildSettings = {
				ASSETCATALOG_COMPILER_APPICON_NAME = AppIcon;
				CODE_SIGN_IDENTITY = "iPhone Developer";
				INFOPLIST_FILE = WindySky/Info.plist;
				IPHONEOS_DEPLOYMENT_TARGET = 8.0;
				LD_RUNPATH_SEARCH_PATHS = "$(inherited) @executable_path/Frameworks";
				PRODUCT_BUNDLE_IDENTIFIER = com.edgardoagno.WindySky;
				PRODUCT_NAME = "$(TARGET_NAME)";
			};
			name = Release;
		};
		772BEA671D414F9100BAF8F2 /* Debug */ = {
			isa = XCBuildConfiguration;
			baseConfigurationReference = E3879F0FE9C65AA0905269B7 /* Pods-WindySkyTests.debug.xcconfig */;
			buildSettings = {
				BUNDLE_LOADER = "$(TEST_HOST)";
				INFOPLIST_FILE = WindySkyTests/Info.plist;
				LD_RUNPATH_SEARCH_PATHS = "$(inherited) @executable_path/Frameworks @loader_path/Frameworks";
				PRODUCT_BUNDLE_IDENTIFIER = com.edgardoagno.WindySkyTests;
				PRODUCT_NAME = "$(TARGET_NAME)";
				TEST_HOST = "$(BUILT_PRODUCTS_DIR)/WindySky.app/WindySky";
			};
			name = Debug;
		};
		772BEA681D414F9100BAF8F2 /* Release */ = {
			isa = XCBuildConfiguration;
			baseConfigurationReference = 7F5F0758C5C5FA8F0276B504 /* Pods-WindySkyTests.release.xcconfig */;
			buildSettings = {
				BUNDLE_LOADER = "$(TEST_HOST)";
				INFOPLIST_FILE = WindySkyTests/Info.plist;
				LD_RUNPATH_SEARCH_PATHS = "$(inherited) @executable_path/Frameworks @loader_path/Frameworks";
				PRODUCT_BUNDLE_IDENTIFIER = com.edgardoagno.WindySkyTests;
				PRODUCT_NAME = "$(TARGET_NAME)";
				TEST_HOST = "$(BUILT_PRODUCTS_DIR)/WindySky.app/WindySky";
			};
			name = Release;
		};
/* End XCBuildConfiguration section */

/* Begin XCConfigurationList section */
		772BEA3F1D414F9100BAF8F2 /* Build configuration list for PBXProject "WindySky" */ = {
			isa = XCConfigurationList;
			buildConfigurations = (
				772BEA611D414F9100BAF8F2 /* Debug */,
				772BEA621D414F9100BAF8F2 /* Release */,
			);
			defaultConfigurationIsVisible = 0;
			defaultConfigurationName = Release;
		};
		772BEA631D414F9100BAF8F2 /* Build configuration list for PBXNativeTarget "WindySky" */ = {
			isa = XCConfigurationList;
			buildConfigurations = (
				772BEA641D414F9100BAF8F2 /* Debug */,
				772BEA651D414F9100BAF8F2 /* Release */,
			);
			defaultConfigurationIsVisible = 0;
			defaultConfigurationName = Release;
		};
		772BEA661D414F9100BAF8F2 /* Build configuration list for PBXNativeTarget "WindySkyTests" */ = {
			isa = XCConfigurationList;
			buildConfigurations = (
				772BEA671D414F9100BAF8F2 /* Debug */,
				772BEA681D414F9100BAF8F2 /* Release */,
			);
			defaultConfigurationIsVisible = 0;
			defaultConfigurationName = Release;
		};
/* End XCConfigurationList section */
	};
	rootObject = 772BEA3C1D414F9100BAF8F2 /* Project object */;
}
